PODS:
  - Alamofire (5.4.0)
  - MBProgressHUD (1.2.0)
  - Realm (10.5.1):
    - Realm/Headers (= 10.5.1)
  - Realm/Headers (10.5.1)
  - RealmSwift (10.5.1):
    - Realm (= 10.5.1)
  - SDWebImage (5.10.1):
    - SDWebImage/Core (= 5.10.1)
  - SDWebImage/Core (5.10.1)
  - YandexMapsMobile (4.0.0-lite)

DEPENDENCIES:
  - Alamofire
  - MBProgressHUD
  - RealmSwift
  - SDWebImage
  - YandexMapsMobile (= 4.0.0-lite)

SPEC REPOS:
  trunk:
    - Alamofire
    - MBProgressHUD
    - Realm
    - RealmSwift
    - SDWebImage
    - YandexMapsMobile

SPEC CHECKSUMS:
  Alamofire: 3b6a534a3df22db367e4dedeeca73d1ddfcf0e2f
  MBProgressHUD: 3ee5efcc380f6a79a7cc9b363dd669c5e1ae7406
  Realm: 77fcb4e0b9f2963ea06f584749a0d7dc9cab95e1
  RealmSwift: 6abe6aa6cd8b70cc1a87afcb9232cabea74ff1ac
  SDWebImage: f66a16b95183b92ed6b965ad21d33167bc07612d
  YandexMapsMobile: d7d7f3b452209b4c2787beb53bb2dfcea259c70c

PODFILE CHECKSUM: b319c044a05df93800496bf3eb5a0d4a761d6996

COCOAPODS: 1.10.0
